
Microsoft Visual Studio Solution File, Format Version 12.00
# Visual Studio Version 16
VisualStudioVersion = 16.0.31727.386
MinimumVisualStudioVersion = 10.0.40219.1
Project("{FAE04EC0-301F-11D3-BF4B-00C04F79EFBC}") = "SafeHome360", "SafeHome360\SafeHome360.csproj", "{42348532-CA52-4FC4-9159-DD7A4B91C154}"
EndProject
Global
	GlobalSection(SolutionConfigurationPlatforms) = preSolution
		Debug|Any CPU = Debug|Any CPU
		Release|Any CPU = Release|Any CPU
	EndGlobalSection
	GlobalSection(ProjectConfigurationPlatforms) = postSolution
		{42348532-CA52-4FC4-9159-DD7A4B91C154}.Debug|Any CPU.ActiveCfg = Debug|Any CPU
		{42348532-CA52-4FC4-9159-DD7A4B91C154}.Debug|Any CPU.Build.0 = Debug|Any CPU
		{42348532-CA52-4FC4-9159-DD7A4B91C154}.Release|Any CPU.ActiveCfg = Release|Any CPU
		{42348532-CA52-4FC4-9159-DD7A4B91C154}.Release|Any CPU.Build.0 = Release|Any CPU
	EndGlobalSection
	GlobalSection(SolutionProperties) = preSolution
		HideSolutionNode = FALSE
	EndGlobalSection
	GlobalSection(ExtensibilityGlobals) = postSolution
		SolutionGuid = {4283E6E4-874B-4F7D-91F2-3AF22A6B3C74}
	EndGlobalSection
EndGlobal
